
Microsoft Visual Studio Solution File, Format Version 12.00
# Visual Studio 15
VisualStudioVersion = 15.0.28307.168
MinimumVisualStudioVersion = 10.0.40219.1
Project("{FAE04EC0-301F-11D3-BF4B-00C04F79EFBC}") = "FractionalNumber", "fractionalNumber\FractionalNumber.csproj", "{3C754E21-8DD4-438D-95EE-F3CF523531E0}"
EndProject
Project("{FAE04EC0-301F-11D3-BF4B-00C04F79EFBC}") = "ArrayComparison", "ArrayComparison\ArrayComparison.csproj", "{E1725DF1-CA1C-4C44-A139-32E484B6BBE5}"
EndProject
Global
	GlobalSection(SolutionConfigurationPlatforms) = preSolution
		Debug|Any CPU = Debug|Any CPU
		Release|Any CPU = Release|Any CPU
	EndGlobalSection
	GlobalSection(ProjectConfigurationPlatforms) = postSolution
		{3C754E21-8DD4-438D-95EE-F3CF523531E0}.Debug|Any CPU.ActiveCfg = Debug|Any CPU
		{3C754E21-8DD4-438D-95EE-F3CF523531E0}.Debug|Any CPU.Build.0 = Debug|Any CPU
		{3C754E21-8DD4-438D-95EE-F3CF523531E0}.Release|Any CPU.ActiveCfg = Release|Any CPU
		{3C754E21-8DD4-438D-95EE-F3CF523531E0}.Release|Any CPU.Build.0 = Release|Any CPU
		{E1725DF1-CA1C-4C44-A139-32E484B6BBE5}.Debug|Any CPU.ActiveCfg = Debug|Any CPU
		{E1725DF1-CA1C-4C44-A139-32E484B6BBE5}.Debug|Any CPU.Build.0 = Debug|Any CPU
		{E1725DF1-CA1C-4C44-A139-32E484B6BBE5}.Release|Any CPU.ActiveCfg = Release|Any CPU
		{E1725DF1-CA1C-4C44-A139-32E484B6BBE5}.Release|Any CPU.Build.0 = Release|Any CPU
	EndGlobalSection
	GlobalSection(SolutionProperties) = preSolution
		HideSolutionNode = FALSE
	EndGlobalSection
	GlobalSection(ExtensibilityGlobals) = postSolution
		SolutionGuid = {BE8AE846-94F7-4068-A8E4-32C2285F6A1F}
	EndGlobalSection
EndGlobal
